// !$*UTF8*$!
{
	archiveVersion = 1;
	classes = {
	};
	objectVersion = 46;
	objects = {

/* Begin PBXBuildFile section */
		832619491F3A697300C04A14 /* AppDelegate.swift in Sources */ = {isa = PBXBuildFile; fileRef = 832619481F3A697300C04A14 /* AppDelegate.swift */; };
		8326194B1F3A697300C04A14 /* ViewController.swift in Sources */ = {isa = PBXBuildFile; fileRef = 8326194A1F3A697300C04A14 /* ViewController.swift */; };
		8326194E1F3A697300C04A14 /* Main.storyboard in Resources */ = {isa = PBXBuildFile; fileRef = 8326194C1F3A697300C04A14 /* Main.storyboard */; };
		832619501F3A697300C04A14 /* Assets.xcassets in Resources */ = {isa = PBXBuildFile; fileRef = 8326194F1F3A697300C04A14 /* Assets.xcassets */; };
		832619531F3A697300C04A14 /* LaunchScreen.storyboard in Resources */ = {isa = PBXBuildFile; fileRef = 832619511F3A697300C04A14 /* LaunchScreen.storyboard */; };
		8326195E1F3A697400C04A14 /* CurrentLocationTests.swift in Sources */ = {isa = PBXBuildFile; fileRef = 8326195D1F3A697400C04A14 /* CurrentLocationTests.swift */; };
/* End PBXBuildFile section */

/* Begin PBXContainerItemProxy section */
		8326195A1F3A697400C04A14 /* PBXContainerItemProxy */ = {
			isa = PBXContainerItemProxy;
			containerPortal = 8326193D1F3A697300C04A14 /* Project object */;
			proxyType = 1;
			remoteGlobalIDString = 832619441F3A697300C04A14;
			remoteInfo = CurrentLocation;
		};
/* End PBXContainerItemProxy section */

/* Begin PBXFileReference section */
		832619451F3A697300C04A14 /* CurrentLocation.app */ = {isa = PBXFileReference; explicitFileType = wrapper.application; includeInIndex = 0; path = CurrentLocation.app; sourceTree = BUILT_PRODUCTS_DIR; };
		832619481F3A697300C04A14 /* AppDelegate.swift */ = {isa = PBXFileReference; lastKnownFileType = sourcecode.swift; path = AppDelegate.swift; sourceTree = "<group>"; };
		8326194A1F3A697300C04A14 /* ViewController.swift */ = {isa = PBXFileReference; lastKnownFileType = sourcecode.swift; path = ViewController.swift; sourceTree = "<group>"; };
		8326194D1F3A697300C04A14 /* Base */ = {isa = PBXFileReference; lastKnownFileType = file.storyboard; name = Base; path = Base.lproj/Main.storyboard; sourceTree = "<group>"; };
		8326194F1F3A697300C04A14 /* Assets.xcassets */ = {isa = PBXFileReference; lastKnownFileType = folder.assetcatalog; path = Assets.xcassets; sourceTree = "<group>"; };
		832619521F3A697300C04A14 /* Base */ = {isa = PBXFileReference; lastKnownFileType = file.storyboard; name = Base; path = Base.lproj/LaunchScreen.storyboard; sourceTree = "<group>"; };
		832619541F3A697300C04A14 /* Info.plist */ = {isa = PBXFileReference; lastKnownFileType = text.plist.xml; path = Info.plist; sourceTree = "<group>"; };
		832619591F3A697400C04A14 /* CurrentLocationTests.xctest */ = {isa = PBXFileReference; explicitFileType = wrapper.cfbundle; includeInIndex = 0; path = CurrentLocationTests.xctest; sourceTree = BUILT_PRODUCTS_DIR; };
		8326195D1F3A697400C04A14 /* CurrentLocationTests.swift */ = {isa = PBXFileReference; lastKnownFileType = sourcecode.swift; path = CurrentLocationTests.swift; sourceTree = "<group>"; };
		8326195F1F3A697400C04A14 /* Info.plist */ = {isa = PBXFileReference; lastKnownFileType = text.plist.xml; path = Info.plist; sourceTree = "<group>"; };
/* End PBXFileReference section */

/* Begin PBXFrameworksBuildPhase section */
		832619421F3A697300C04A14 /* Frameworks */ = {
			isa = PBXFrameworksBuildPhase;
			buildActionMask = 2147483647;
			files = (
			);
			runOnlyForDeploymentPostprocessing = 0;
		};
		832619561F3A697400C04A14 /* Frameworks */ = {
			isa = PBXFrameworksBuildPhase;
			buildActionMask = 2147483647;
			files = (
			);
			runOnlyForDeploymentPostprocessing = 0;
		};
/* End PBXFrameworksBuildPhase section */

/* Begin PBXGroup section */
		8326193C1F3A697300C04A14 = {
			isa = PBXGroup;
			children = (
				832619471F3A697300C04A14 /* CurrentLocation */,
				8326197A1F3BCB2800C04A14 /* Extra */,
				8326195C1F3A697400C04A14 /* CurrentLocationTests */,
				832619461F3A697300C04A14 /* Products */,
			);
			sourceTree = "<group>";
		};
		832619461F3A697300C04A14 /* Products */ = {
			isa = PBXGroup;
			children = (
				832619451F3A697300C04A14 /* CurrentLocation.app */,
				832619591F3A697400C04A14 /* CurrentLocationTests.xctest */,
			);
			name = Products;
			sourceTree = "<group>";
		};
		832619471F3A697300C04A14 /* CurrentLocation */ = {
			isa = PBXGroup;
			children = (
				8326194C1F3A697300C04A14 /* Main.storyboard */,
				8326194A1F3A697300C04A14 /* ViewController.swift */,
			);
			path = CurrentLocation;
			sourceTree = "<group>";
		};
		8326195C1F3A697400C04A14 /* CurrentLocationTests */ = {
			isa = PBXGroup;
			children = (
				8326195D1F3A697400C04A14 /* CurrentLocationTests.swift */,
				8326195F1F3A697400C04A14 /* Info.plist */,
			);
			path = CurrentLocationTests;
			sourceTree = "<group>";
		};
		8326197A1F3BCB2800C04A14 /* Extra */ = {
			isa = PBXGroup;
			children = (
				832619481F3A697300C04A14 /* AppDelegate.swift */,
				8326194F1F3A697300C04A14 /* Assets.xcassets */,
				832619511F3A697300C04A14 /* LaunchScreen.storyboard */,
				832619541F3A697300C04A14 /* Info.plist */,
			);
			name = Extra;
			path = CurrentLocation;
			sourceTree = "<group>";
		};
/* End PBXGroup section */

/* Begin PBXNativeTarget section */
		832619441F3A697300C04A14 /* CurrentLocation */ = {
			isa = PBXNativeTarget;
			buildConfigurationList = 832619621F3A697400C04A14 /* Build configuration list for PBXNativeTarget "CurrentLocation" */;
			buildPhases = (
				832619411F3A697300C04A14 /* Sources */,
				832619421F3A697300C04A14 /* Frameworks */,
				832619431F3A697300C04A14 /* Resources */,
			);
			buildRules = (
			);
			dependencies = (
			);
			name = CurrentLocation;
			productName = CurrentLocation;
			productReference = 832619451F3A697300C04A14 /* CurrentLocation.app */;
			productType = "com.apple.product-type.application";
		};
		832619581F3A697400C04A14 /* CurrentLocationTests */ = {
			isa = PBXNativeTarget;
			buildConfigurationList = 832619651F3A697400C04A14 /* Build configuration list for PBXNativeTarget "CurrentLocationTests" */;
			buildPhases = (
				832619551F3A697400C04A14 /* Sources */,
				832619561F3A697400C04A14 /* Frameworks */,
				832619571F3A697400C04A14 /* Resources */,
			);
			buildRules = (
			);
			dependencies = (
				8326195B1F3A697400C04A14 /* PBXTargetDependency */,
			);
			name = CurrentLocationTests;
			productName = CurrentLocationTests;
			productReference = 832619591F3A697400C04A14 /* CurrentLocationTests.xctest */;
			productType = "com.apple.product-type.bundle.unit-test";
		};
/* End PBXNativeTarget section */

/* Begin PBXProject section */
		8326193D1F3A697300C04A14 /* Project object */ = {
			isa = PBXProject;
			attributes = {
				LastSwiftUpdateCheck = 0830;
				LastUpgradeCheck = 0830;
				ORGANIZATIONNAME = "Ram Yadav";
				TargetAttributes = {
					832619441F3A697300C04A14 = {
						CreatedOnToolsVersion = 8.3.3;
						ProvisioningStyle = Automatic;
					};
					832619581F3A697400C04A14 = {
						CreatedOnToolsVersion = 8.3.3;
						ProvisioningStyle = Automatic;
						TestTargetID = 832619441F3A697300C04A14;
					};
				};
			};
			buildConfigurationList = 832619401F3A697300C04A14 /* Build configuration list for PBXProject "CurrentLocation" */;
			compatibilityVersion = "Xcode 3.2";
			developmentRegion = English;
			hasScannedForEncodings = 0;
			knownRegions = (
				en,
				Base,
			);
			mainGroup = 8326193C1F3A697300C04A14;
			productRefGroup = 832619461F3A697300C04A14 /* Products */;
			projectDirPath = "";
			projectRoot = "";
			targets = (
				832619441F3A697300C04A14 /* CurrentLocation */,
				832619581F3A697400C04A14 /* CurrentLocationTests */,
			);
		};
/* End PBXProject section */

/* Begin PBXResourcesBuildPhase section */
		832619431F3A697300C04A14 /* Resources */ = {
			isa = PBXResourcesBuildPhase;
			buildActionMask = 2147483647;
			files = (
				832619531F3A697300C04A14 /* LaunchScreen.storyboard in Resources */,
				832619501F3A697300C04A14 /* Assets.xcassets in Resources */,
				8326194E1F3A697300C04A14 /* Main.storyboard in Resources */,
			);
			runOnlyForDeploymentPostprocessing = 0;
		};
		832619571F3A697400C04A14 /* Resources */ = {
			isa = PBXResourcesBuildPhase;
			buildActionMask = 2147483647;
			files = (
			);
			runOnlyForDeploymentPostprocessing = 0;
		};
/* End PBXResourcesBuildPhase section */

/* Begin PBXSourcesBuildPhase section */
		832619411F3A697300C04A14 /* Sources */ = {
			isa = PBXSourcesBuildPhase;
			buildActionMask = 2147483647;
			files = (
				8326194B1F3A697300C04A14 /* ViewController.swift in Sources */,
				832619491F3A697300C04A14 /* AppDelegate.swift in Sources */,
			);
			runOnlyForDeploymentPostprocessing = 0;
		};
		832619551F3A697400C04A14 /* Sources */ = {
			isa = PBXSourcesBuildPhase;
			buildActionMask = 2147483647;
			files = (
				8326195E1F3A697400C04A14 /* CurrentLocationTests.swift in Sources */,
			);
			runOnlyForDeploymentPostprocessing = 0;
		};
/* End PBXSourcesBuildPhase section */

/* Begin PBXTargetDependency section */
		8326195B1F3A697400C04A14 /* PBXTargetDependency */ = {
			isa = PBXTargetDependency;
			target = 832619441F3A697300C04A14 /* CurrentLocation */;
			targetProxy = 8326195A1F3A697400C04A14 /* PBXContainerItemProxy */;
		};
/* End PBXTargetDependency section */

/* Begin PBXVariantGroup section */
		8326194C1F3A697300C04A14 /* Main.storyboard */ = {
			isa = PBXVariantGroup;
			children = (
				8326194D1F3A697300C04A14 /* Base */,
			);
			name = Main.storyboard;
			sourceTree = "<group>";
		};
		832619511F3A697300C04A14 /* LaunchScreen.storyboard */ = {
			isa = PBXVariantGroup;
			children = (
				832619521F3A697300C04A14 /* Base */,
			);
			name = LaunchScreen.storyboard;
			sourceTree = "<group>";
		};
/* End PBXVariantGroup section */

/* Begin XCBuildConfiguration section */
		832619601F3A697400C04A14 /* Debug */ = {
			isa = XCBuildConfiguration;
			buildSettings = {
				ALWAYS_SEARCH_USER_PATHS = NO;
				CLANG_ANALYZER_NONNULL = YES;
				CLANG_ANALYZER_NUMBER_OBJECT_CONVERSION = YES_AGGRESSIVE;
				CLANG_CXX_LANGUAGE_STANDARD = "gnu++0x";
				CLANG_CXX_LIBRARY = "libc++";
				CLANG_ENABLE_MODULES = YES;
				CLANG_ENABLE_OBJC_ARC = YES;
				CLANG_WARN_BOOL_CONVERSION = YES;
				CLANG_WARN_CONSTANT_CONVERSION = YES;
				CLANG_WARN_DIRECT_OBJC_ISA_USAGE = YES_ERROR;
				CLANG_WARN_DOCUMENTATION_COMMENTS = YES;
				CLANG_WARN_EMPTY_BODY = YES;
				CLANG_WARN_ENUM_CONVERSION = YES;
				CLANG_WARN_INFINITE_RECURSION = YES;
				CLANG_WARN_INT_CONVERSION = YES;
				CLANG_WARN_OBJC_ROOT_CLASS = YES_ERROR;
				CLANG_WARN_SUSPICIOUS_MOVE = YES;
				CLANG_WARN_UNREACHABLE_CODE = YES;
				CLANG_WARN__DUPLICATE_METHOD_MATCH = YES;
				"CODE_SIGN_IDENTITY[sdk=iphoneos*]" = "iPhone Developer";
				COPY_PHASE_STRIP = NO;
				DEBUG_INFORMATION_FORMAT = dwarf;
				ENABLE_STRICT_OBJC_MSGSEND = YES;
				ENABLE_TESTABILITY = YES;
				GCC_C_LANGUAGE_STANDARD = gnu99;
				GCC_DYNAMIC_NO_PIC = NO;
				GCC_NO_COMMON_BLOCKS = YES;
				GCC_OPTIMIZATION_LEVEL = 0;
				GCC_PREPROCESSOR_DEFINITIONS = (
					"DEBUG=1",
					"$(inherited)",
				);
				GCC_WARN_64_TO_32_BIT_CONVERSION = YES;
				GCC_WARN_ABOUT_RETURN_TYPE = YES_ERROR;
				GCC_WARN_UNDECLARED_SELECTOR = YES;
				GCC_WARN_UNINITIALIZED_AUTOS = YES_AGGRESSIVE;
				GCC_WARN_UNUSED_FUNCTION = YES;
				GCC_WARN_UNUSED_VARIABLE = YES;
				IPHONEOS_DEPLOYMENT_TARGET = 10.3;
				MTL_ENABLE_DEBUG_INFO = YES;
				ONLY_ACTIVE_ARCH = YES;
				SDKROOT = iphoneos;
				SWIFT_ACTIVE_COMPILATION_CONDITIONS = DEBUG;
				SWIFT_OPTIMIZATION_LEVEL = "-Onone";
			};
			name = Debug;
		};
		832619611F3A697400C04A14 /* Release */ = {
			isa = XCBuildConfiguration;
			buildSettings = {
				ALWAYS_SEARCH_USER_PATHS = NO;
				CLANG_ANALYZER_NONNULL = YES;
				CLANG_ANALYZER_NUMBER_OBJECT_CONVERSION = YES_AGGRESSIVE;
				CLANG_CXX_LANGUAGE_STANDARD = "gnu++0x";
				CLANG_CXX_LIBRARY = "libc++";
				CLANG_ENABLE_MODULES = YES;
				CLANG_ENABLE_OBJC_ARC = YES;
				CLANG_WARN_BOOL_CONVERSION = YES;
				CLANG_WARN_CONSTANT_CONVERSION = YES;
				CLANG_WARN_DIRECT_OBJC_ISA_USAGE = YES_ERROR;
				CLANG_WARN_DOCUMENTATION_COMMENTS = YES;
				CLANG_WARN_EMPTY_BODY = YES;
				CLANG_WARN_ENUM_CONVERSION = YES;
				CLANG_WARN_INFINITE_RECURSION = YES;
				CLANG_WARN_INT_CONVERSION = YES;
				CLANG_WARN_OBJC_ROOT_CLASS = YES_ERROR;
				CLANG_WARN_SUSPICIOUS_MOVE = YES;
				CLANG_WARN_UNREACHABLE_CODE = YES;
				CLANG_WARN__DUPLICATE_METHOD_MATCH = YES;
				"CODE_SIGN_IDENTITY[sdk=iphoneos*]" = "iPhone Developer";
				COPY_PHASE_STRIP = NO;
				DEBUG_INFORMATION_FORMAT = "dwarf-with-dsym";
				ENABLE_NS_ASSERTIONS = NO;
				ENABLE_STRICT_OBJC_MSGSEND = YES;
				GCC_C_LANGUAGE_STANDARD = gnu99;
				GCC_NO_COMMON_BLOCKS = YES;
				GCC_WARN_64_TO_32_BIT_CONVERSION = YES;
				GCC_WARN_ABOUT_RETURN_TYPE = YES_ERROR;
				GCC_WARN_UNDECLARED_SELECTOR = YES;
				GCC_WARN_UNINITIALIZED_AUTOS = YES_AGGRESSIVE;
				GCC_WARN_UNUSED_FUNCTION = YES;
				GCC_WARN_UNUSED_VARIABLE = YES;
				IPHONEOS_DEPLOYMENT_TARGET = 10.3;
				MTL_ENABLE_DEBUG_INFO = NO;
				SDKROOT = iphoneos;
				SWIFT_OPTIMIZATION_LEVEL = "-Owholemodule";
				VALIDATE_PRODUCT = YES;
			};
			name = Release;
		};
		832619631F3A697400C04A14 /* Debug */ = {
			isa = XCBuildConfiguration;
			buildSettings = {
				ASSETCATALOG_COMPILER_APPICON_NAME = AppIcon;
				INFOPLIST_FILE = CurrentLocation/Info.plist;
				LD_RUNPATH_SEARCH_PATHS = "$(inherited) @executable_path/Frameworks";
				PRODUCT_BUNDLE_IDENTIFIER = ramInc.CurrentLocation;
				PRODUCT_NAME = "$(TARGET_NAME)";
				SWIFT_VERSION = 3.0;
			};
			name = Debug;
		};
		832619641F3A697400C04A14 /* Release */ = {
			isa = XCBuildConfiguration;
			buildSettings = {
				ASSETCATALOG_COMPILER_APPICON_NAME = AppIcon;
				INFOPLIST_FILE = CurrentLocation/Info.plist;
				LD_RUNPATH_SEARCH_PATHS = "$(inherited) @executable_path/Frameworks";
				PRODUCT_BUNDLE_IDENTIFIER = ramInc.CurrentLocation;
				PRODUCT_NAME = "$(TARGET_NAME)";
				SWIFT_VERSION = 3.0;
			};
			name = Release;
		};
		832619661F3A697400C04A14 /* Debug */ = {
			isa = XCBuildConfiguration;
			buildSettings = {
				ALWAYS_EMBED_SWIFT_STANDARD_LIBRARIES = YES;
				BUNDLE_LOADER = "$(TEST_HOST)";
				INFOPLIST_FILE = CurrentLocationTests/Info.plist;
				LD_RUNPATH_SEARCH_PATHS = "$(inherited) @executable_path/Frameworks @loader_path/Frameworks";
				PRODUCT_BUNDLE_IDENTIFIER = ramInc.CurrentLocationTests;
				PRODUCT_NAME = "$(TARGET_NAME)";
				SWIFT_VERSION = 3.0;
				TEST_HOST = "$(BUILT_PRODUCTS_DIR)/CurrentLocation.app/CurrentLocation";
			};
			name = Debug;
		};
		832619671F3A697400C04A14 /* Release */ = {
			isa = XCBuildConfiguration;
			buildSettings = {
				ALWAYS_EMBED_SWIFT_STANDARD_LIBRARIES = YES;
				BUNDLE_LOADER = "$(TEST_HOST)";
				INFOPLIST_FILE = CurrentLocationTests/Info.plist;
				LD_RUNPATH_SEARCH_PATHS = "$(inherited) @executable_path/Frameworks @loader_path/Frameworks";
				PRODUCT_BUNDLE_IDENTIFIER = ramInc.CurrentLocationTests;
				PRODUCT_NAME = "$(TARGET_NAME)";
				SWIFT_VERSION = 3.0;
				TEST_HOST = "$(BUILT_PRODUCTS_DIR)/CurrentLocation.app/CurrentLocation";
			};
			name = Release;
		};
/* End XCBuildConfiguration section */

/* Begin XCConfigurationList section */
		832619401F3A697300C04A14 /* Build configuration list for PBXProject "CurrentLocation" */ = {
			isa = XCConfigurationList;
			buildConfigurations = (
				832619601F3A697400C04A14 /* Debug */,
				832619611F3A697400C04A14 /* Release */,
			);
			defaultConfigurationIsVisible = 0;
			defaultConfigurationName = Release;
		};
		832619621F3A697400C04A14 /* Build configuration list for PBXNativeTarget "CurrentLocation" */ = {
			isa = XCConfigurationList;
			buildConfigurations = (
				832619631F3A697400C04A14 /* Debug */,
				832619641F3A697400C04A14 /* Release */,
			);
			defaultConfigurationIsVisible = 0;
			defaultConfigurationName = Release;
		};
		832619651F3A697400C04A14 /* Build configuration list for PBXNativeTarget "CurrentLocationTests" */ = {
			isa = XCConfigurationList;
			buildConfigurations = (
				832619661F3A697400C04A14 /* Debug */,
				832619671F3A697400C04A14 /* Release */,
			);
			defaultConfigurationIsVisible = 0;
			defaultConfigurationName = Release;
		};
/* End XCConfigurationList section */
	};
	rootObject = 8326193D1F3A697300C04A14 /* Project object */;
}
