// !$*UTF8*$!
{
	archiveVersion = 1;
	classes = {
	};
	objectVersion = 46;
	objects = {

/* Begin PBXBuildFile section */
		832618D31F33E81000C04A14 /* RatingControl.swift in Sources */ = {isa = PBXBuildFile; fileRef = 832618D21F33E81000C04A14 /* RatingControl.swift */; };
		837D92681F32948B00E888FC /* AppDelegate.swift in Sources */ = {isa = PBXBuildFile; fileRef = 837D92671F32948B00E888FC /* AppDelegate.swift */; };
		837D926A1F32948B00E888FC /* ViewController.swift in Sources */ = {isa = PBXBuildFile; fileRef = 837D92691F32948B00E888FC /* ViewController.swift */; };
		837D926D1F32948C00E888FC /* Main.storyboard in Resources */ = {isa = PBXBuildFile; fileRef = 837D926B1F32948C00E888FC /* Main.storyboard */; };
		837D926F1F32948C00E888FC /* Assets.xcassets in Resources */ = {isa = PBXBuildFile; fileRef = 837D926E1F32948C00E888FC /* Assets.xcassets */; };
		837D92721F32948C00E888FC /* LaunchScreen.storyboard in Resources */ = {isa = PBXBuildFile; fileRef = 837D92701F32948C00E888FC /* LaunchScreen.storyboard */; };
/* End PBXBuildFile section */

/* Begin PBXFileReference section */
		832618D21F33E81000C04A14 /* RatingControl.swift */ = {isa = PBXFileReference; fileEncoding = 4; lastKnownFileType = sourcecode.swift; name = RatingControl.swift; path = ../RatingControl.swift; sourceTree = "<group>"; };
		837D92641F32948B00E888FC /* RateFood.app */ = {isa = PBXFileReference; explicitFileType = wrapper.application; includeInIndex = 0; path = RateFood.app; sourceTree = BUILT_PRODUCTS_DIR; };
		837D92671F32948B00E888FC /* AppDelegate.swift */ = {isa = PBXFileReference; lastKnownFileType = sourcecode.swift; path = AppDelegate.swift; sourceTree = "<group>"; };
		837D92691F32948B00E888FC /* ViewController.swift */ = {isa = PBXFileReference; lastKnownFileType = sourcecode.swift; path = ViewController.swift; sourceTree = "<group>"; };
		837D926C1F32948C00E888FC /* Base */ = {isa = PBXFileReference; lastKnownFileType = file.storyboard; name = Base; path = Base.lproj/Main.storyboard; sourceTree = "<group>"; };
		837D926E1F32948C00E888FC /* Assets.xcassets */ = {isa = PBXFileReference; lastKnownFileType = folder.assetcatalog; path = Assets.xcassets; sourceTree = "<group>"; };
		837D92711F32948C00E888FC /* Base */ = {isa = PBXFileReference; lastKnownFileType = file.storyboard; name = Base; path = Base.lproj/LaunchScreen.storyboard; sourceTree = "<group>"; };
		837D92731F32948C00E888FC /* Info.plist */ = {isa = PBXFileReference; lastKnownFileType = text.plist.xml; path = Info.plist; sourceTree = "<group>"; };
/* End PBXFileReference section */

/* Begin PBXFrameworksBuildPhase section */
		837D92611F32948B00E888FC /* Frameworks */ = {
			isa = PBXFrameworksBuildPhase;
			buildActionMask = 2147483647;
			files = (
			);
			runOnlyForDeploymentPostprocessing = 0;
		};
/* End PBXFrameworksBuildPhase section */

/* Begin PBXGroup section */
		837D925B1F32948B00E888FC = {
			isa = PBXGroup;
			children = (
				837D92661F32948B00E888FC /* RateFood */,
				837D92651F32948B00E888FC /* Products */,
			);
			sourceTree = "<group>";
		};
		837D92651F32948B00E888FC /* Products */ = {
			isa = PBXGroup;
			children = (
				837D92641F32948B00E888FC /* RateFood.app */,
			);
			name = Products;
			sourceTree = "<group>";
		};
		837D92661F32948B00E888FC /* RateFood */ = {
			isa = PBXGroup;
			children = (
				837D92671F32948B00E888FC /* AppDelegate.swift */,
				837D92691F32948B00E888FC /* ViewController.swift */,
				832618D21F33E81000C04A14 /* RatingControl.swift */,
				837D926B1F32948C00E888FC /* Main.storyboard */,
				837D926E1F32948C00E888FC /* Assets.xcassets */,
				837D92701F32948C00E888FC /* LaunchScreen.storyboard */,
				837D92731F32948C00E888FC /* Info.plist */,
			);
			path = RateFood;
			sourceTree = "<group>";
		};
/* End PBXGroup section */

/* Begin PBXNativeTarget section */
		837D92631F32948B00E888FC /* RateFood */ = {
			isa = PBXNativeTarget;
			buildConfigurationList = 837D92761F32948C00E888FC /* Build configuration list for PBXNativeTarget "RateFood" */;
			buildPhases = (
				837D92601F32948B00E888FC /* Sources */,
				837D92611F32948B00E888FC /* Frameworks */,
				837D92621F32948B00E888FC /* Resources */,
			);
			buildRules = (
			);
			dependencies = (
			);
			name = RateFood;
			productName = RateFood;
			productReference = 837D92641F32948B00E888FC /* RateFood.app */;
			productType = "com.apple.product-type.application";
		};
/* End PBXNativeTarget section */

/* Begin PBXProject section */
		837D925C1F32948B00E888FC /* Project object */ = {
			isa = PBXProject;
			attributes = {
				LastSwiftUpdateCheck = 0830;
				LastUpgradeCheck = 0830;
				ORGANIZATIONNAME = "Ram Yadav";
				TargetAttributes = {
					837D92631F32948B00E888FC = {
						CreatedOnToolsVersion = 8.3.3;
						ProvisioningStyle = Automatic;
					};
				};
			};
			buildConfigurationList = 837D925F1F32948B00E888FC /* Build configuration list for PBXProject "RateFood" */;
			compatibilityVersion = "Xcode 3.2";
			developmentRegion = English;
			hasScannedForEncodings = 0;
			knownRegions = (
				en,
				Base,
			);
			mainGroup = 837D925B1F32948B00E888FC;
			productRefGroup = 837D92651F32948B00E888FC /* Products */;
			projectDirPath = "";
			projectRoot = "";
			targets = (
				837D92631F32948B00E888FC /* RateFood */,
			);
		};
/* End PBXProject section */

/* Begin PBXResourcesBuildPhase section */
		837D92621F32948B00E888FC /* Resources */ = {
			isa = PBXResourcesBuildPhase;
			buildActionMask = 2147483647;
			files = (
				837D92721F32948C00E888FC /* LaunchScreen.storyboard in Resources */,
				837D926F1F32948C00E888FC /* Assets.xcassets in Resources */,
				837D926D1F32948C00E888FC /* Main.storyboard in Resources */,
			);
			runOnlyForDeploymentPostprocessing = 0;
		};
/* End PBXResourcesBuildPhase section */

/* Begin PBXSourcesBuildPhase section */
		837D92601F32948B00E888FC /* Sources */ = {
			isa = PBXSourcesBuildPhase;
			buildActionMask = 2147483647;
			files = (
				837D926A1F32948B00E888FC /* ViewController.swift in Sources */,
				832618D31F33E81000C04A14 /* RatingControl.swift in Sources */,
				837D92681F32948B00E888FC /* AppDelegate.swift in Sources */,
			);
			runOnlyForDeploymentPostprocessing = 0;
		};
/* End PBXSourcesBuildPhase section */

/* Begin PBXVariantGroup section */
		837D926B1F32948C00E888FC /* Main.storyboard */ = {
			isa = PBXVariantGroup;
			children = (
				837D926C1F32948C00E888FC /* Base */,
			);
			name = Main.storyboard;
			sourceTree = "<group>";
		};
		837D92701F32948C00E888FC /* LaunchScreen.storyboard */ = {
			isa = PBXVariantGroup;
			children = (
				837D92711F32948C00E888FC /* Base */,
			);
			name = LaunchScreen.storyboard;
			sourceTree = "<group>";
		};
/* End PBXVariantGroup section */

/* Begin XCBuildConfiguration section */
		837D92741F32948C00E888FC /* Debug */ = {
			isa = XCBuildConfiguration;
			buildSettings = {
				ALWAYS_SEARCH_USER_PATHS = NO;
				CLANG_ANALYZER_NONNULL = YES;
				CLANG_ANALYZER_NUMBER_OBJECT_CONVERSION = YES_AGGRESSIVE;
				CLANG_CXX_LANGUAGE_STANDARD = "gnu++0x";
				CLANG_CXX_LIBRARY = "libc++";
				CLANG_ENABLE_MODULES = YES;
				CLANG_ENABLE_OBJC_ARC = YES;
				CLANG_WARN_BOOL_CONVERSION = YES;
				CLANG_WARN_CONSTANT_CONVERSION = YES;
				CLANG_WARN_DIRECT_OBJC_ISA_USAGE = YES_ERROR;
				CLANG_WARN_DOCUMENTATION_COMMENTS = YES;
				CLANG_WARN_EMPTY_BODY = YES;
				CLANG_WARN_ENUM_CONVERSION = YES;
				CLANG_WARN_INFINITE_RECURSION = YES;
				CLANG_WARN_INT_CONVERSION = YES;
				CLANG_WARN_OBJC_ROOT_CLASS = YES_ERROR;
				CLANG_WARN_SUSPICIOUS_MOVE = YES;
				CLANG_WARN_UNREACHABLE_CODE = YES;
				CLANG_WARN__DUPLICATE_METHOD_MATCH = YES;
				"CODE_SIGN_IDENTITY[sdk=iphoneos*]" = "iPhone Developer";
				COPY_PHASE_STRIP = NO;
				DEBUG_INFORMATION_FORMAT = dwarf;
				ENABLE_STRICT_OBJC_MSGSEND = YES;
				ENABLE_TESTABILITY = YES;
				GCC_C_LANGUAGE_STANDARD = gnu99;
				GCC_DYNAMIC_NO_PIC = NO;
				GCC_NO_COMMON_BLOCKS = YES;
				GCC_OPTIMIZATION_LEVEL = 0;
				GCC_PREPROCESSOR_DEFINITIONS = (
					"DEBUG=1",
					"$(inherited)",
				);
				GCC_WARN_64_TO_32_BIT_CONVERSION = YES;
				GCC_WARN_ABOUT_RETURN_TYPE = YES_ERROR;
				GCC_WARN_UNDECLARED_SELECTOR = YES;
				GCC_WARN_UNINITIALIZED_AUTOS = YES_AGGRESSIVE;
				GCC_WARN_UNUSED_FUNCTION = YES;
				GCC_WARN_UNUSED_VARIABLE = YES;
				IPHONEOS_DEPLOYMENT_TARGET = 10.3;
				MTL_ENABLE_DEBUG_INFO = YES;
				ONLY_ACTIVE_ARCH = YES;
				SDKROOT = iphoneos;
				SWIFT_ACTIVE_COMPILATION_CONDITIONS = DEBUG;
				SWIFT_OPTIMIZATION_LEVEL = "-Onone";
			};
			name = Debug;
		};
		837D92751F32948C00E888FC /* Release */ = {
			isa = XCBuildConfiguration;
			buildSettings = {
				ALWAYS_SEARCH_USER_PATHS = NO;
				CLANG_ANALYZER_NONNULL = YES;
				CLANG_ANALYZER_NUMBER_OBJECT_CONVERSION = YES_AGGRESSIVE;
				CLANG_CXX_LANGUAGE_STANDARD = "gnu++0x";
				CLANG_CXX_LIBRARY = "libc++";
				CLANG_ENABLE_MODULES = YES;
				CLANG_ENABLE_OBJC_ARC = YES;
				CLANG_WARN_BOOL_CONVERSION = YES;
				CLANG_WARN_CONSTANT_CONVERSION = YES;
				CLANG_WARN_DIRECT_OBJC_ISA_USAGE = YES_ERROR;
				CLANG_WARN_DOCUMENTATION_COMMENTS = YES;
				CLANG_WARN_EMPTY_BODY = YES;
				CLANG_WARN_ENUM_CONVERSION = YES;
				CLANG_WARN_INFINITE_RECURSION = YES;
				CLANG_WARN_INT_CONVERSION = YES;
				CLANG_WARN_OBJC_ROOT_CLASS = YES_ERROR;
				CLANG_WARN_SUSPICIOUS_MOVE = YES;
				CLANG_WARN_UNREACHABLE_CODE = YES;
				CLANG_WARN__DUPLICATE_METHOD_MATCH = YES;
				"CODE_SIGN_IDENTITY[sdk=iphoneos*]" = "iPhone Developer";
				COPY_PHASE_STRIP = NO;
				DEBUG_INFORMATION_FORMAT = "dwarf-with-dsym";
				ENABLE_NS_ASSERTIONS = NO;
				ENABLE_STRICT_OBJC_MSGSEND = YES;
				GCC_C_LANGUAGE_STANDARD = gnu99;
				GCC_NO_COMMON_BLOCKS = YES;
				GCC_WARN_64_TO_32_BIT_CONVERSION = YES;
				GCC_WARN_ABOUT_RETURN_TYPE = YES_ERROR;
				GCC_WARN_UNDECLARED_SELECTOR = YES;
				GCC_WARN_UNINITIALIZED_AUTOS = YES_AGGRESSIVE;
				GCC_WARN_UNUSED_FUNCTION = YES;
				GCC_WARN_UNUSED_VARIABLE = YES;
				IPHONEOS_DEPLOYMENT_TARGET = 10.3;
				MTL_ENABLE_DEBUG_INFO = NO;
				SDKROOT = iphoneos;
				SWIFT_OPTIMIZATION_LEVEL = "-Owholemodule";
				VALIDATE_PRODUCT = YES;
			};
			name = Release;
		};
		837D92771F32948C00E888FC /* Debug */ = {
			isa = XCBuildConfiguration;
			buildSettings = {
				ASSETCATALOG_COMPILER_APPICON_NAME = AppIcon;
				INFOPLIST_FILE = RateFood/Info.plist;
				LD_RUNPATH_SEARCH_PATHS = "$(inherited) @executable_path/Frameworks";
				PRODUCT_BUNDLE_IDENTIFIER = ramInc.RateFood;
				PRODUCT_NAME = "$(TARGET_NAME)";
				SWIFT_VERSION = 3.0;
			};
			name = Debug;
		};
		837D92781F32948C00E888FC /* Release */ = {
			isa = XCBuildConfiguration;
			buildSettings = {
				ASSETCATALOG_COMPILER_APPICON_NAME = AppIcon;
				INFOPLIST_FILE = RateFood/Info.plist;
				LD_RUNPATH_SEARCH_PATHS = "$(inherited) @executable_path/Frameworks";
				PRODUCT_BUNDLE_IDENTIFIER = ramInc.RateFood;
				PRODUCT_NAME = "$(TARGET_NAME)";
				SWIFT_VERSION = 3.0;
			};
			name = Release;
		};
/* End XCBuildConfiguration section */

/* Begin XCConfigurationList section */
		837D925F1F32948B00E888FC /* Build configuration list for PBXProject "RateFood" */ = {
			isa = XCConfigurationList;
			buildConfigurations = (
				837D92741F32948C00E888FC /* Debug */,
				837D92751F32948C00E888FC /* Release */,
			);
			defaultConfigurationIsVisible = 0;
			defaultConfigurationName = Release;
		};
		837D92761F32948C00E888FC /* Build configuration list for PBXNativeTarget "RateFood" */ = {
			isa = XCConfigurationList;
			buildConfigurations = (
				837D92771F32948C00E888FC /* Debug */,
				837D92781F32948C00E888FC /* Release */,
			);
			defaultConfigurationIsVisible = 0;
			defaultConfigurationName = Release;
		};
/* End XCConfigurationList section */
	};
	rootObject = 837D925C1F32948B00E888FC /* Project object */;
}
