// !$*UTF8*$!
{
	archiveVersion = 1;
	classes = {
	};
	objectVersion = 46;
	objects = {

/* Begin PBXBuildFile section */
		83261A671F47475800C04A14 /* AppDelegate.swift in Sources */ = {isa = PBXBuildFile; fileRef = 83261A661F47475800C04A14 /* AppDelegate.swift */; };
		83261A691F47475800C04A14 /* ViewController.swift in Sources */ = {isa = PBXBuildFile; fileRef = 83261A681F47475800C04A14 /* ViewController.swift */; };
		83261A6E1F47475800C04A14 /* Assets.xcassets in Resources */ = {isa = PBXBuildFile; fileRef = 83261A6D1F47475800C04A14 /* Assets.xcassets */; };
		83261A711F47475800C04A14 /* LaunchScreen.storyboard in Resources */ = {isa = PBXBuildFile; fileRef = 83261A6F1F47475800C04A14 /* LaunchScreen.storyboard */; };
		83261A7C1F47475900C04A14 /* Facebook_FeedTests.swift in Sources */ = {isa = PBXBuildFile; fileRef = 83261A7B1F47475900C04A14 /* Facebook_FeedTests.swift */; };
/* End PBXBuildFile section */

/* Begin PBXContainerItemProxy section */
		83261A781F47475900C04A14 /* PBXContainerItemProxy */ = {
			isa = PBXContainerItemProxy;
			containerPortal = 83261A5B1F47475800C04A14 /* Project object */;
			proxyType = 1;
			remoteGlobalIDString = 83261A621F47475800C04A14;
			remoteInfo = "Facebook Feed";
		};
/* End PBXContainerItemProxy section */

/* Begin PBXFileReference section */
		83261A631F47475800C04A14 /* Facebook Feed.app */ = {isa = PBXFileReference; explicitFileType = wrapper.application; includeInIndex = 0; path = "Facebook Feed.app"; sourceTree = BUILT_PRODUCTS_DIR; };
		83261A661F47475800C04A14 /* AppDelegate.swift */ = {isa = PBXFileReference; lastKnownFileType = sourcecode.swift; path = AppDelegate.swift; sourceTree = "<group>"; };
		83261A681F47475800C04A14 /* ViewController.swift */ = {isa = PBXFileReference; lastKnownFileType = sourcecode.swift; path = ViewController.swift; sourceTree = "<group>"; };
		83261A6D1F47475800C04A14 /* Assets.xcassets */ = {isa = PBXFileReference; lastKnownFileType = folder.assetcatalog; path = Assets.xcassets; sourceTree = "<group>"; };
		83261A701F47475800C04A14 /* Base */ = {isa = PBXFileReference; lastKnownFileType = file.storyboard; name = Base; path = Base.lproj/LaunchScreen.storyboard; sourceTree = "<group>"; };
		83261A721F47475800C04A14 /* Info.plist */ = {isa = PBXFileReference; lastKnownFileType = text.plist.xml; path = Info.plist; sourceTree = "<group>"; };
		83261A771F47475900C04A14 /* Facebook FeedTests.xctest */ = {isa = PBXFileReference; explicitFileType = wrapper.cfbundle; includeInIndex = 0; path = "Facebook FeedTests.xctest"; sourceTree = BUILT_PRODUCTS_DIR; };
		83261A7B1F47475900C04A14 /* Facebook_FeedTests.swift */ = {isa = PBXFileReference; lastKnownFileType = sourcecode.swift; path = Facebook_FeedTests.swift; sourceTree = "<group>"; };
		83261A7D1F47475900C04A14 /* Info.plist */ = {isa = PBXFileReference; lastKnownFileType = text.plist.xml; path = Info.plist; sourceTree = "<group>"; };
/* End PBXFileReference section */

/* Begin PBXFrameworksBuildPhase section */
		83261A601F47475800C04A14 /* Frameworks */ = {
			isa = PBXFrameworksBuildPhase;
			buildActionMask = 2147483647;
			files = (
			);
			runOnlyForDeploymentPostprocessing = 0;
		};
		83261A741F47475900C04A14 /* Frameworks */ = {
			isa = PBXFrameworksBuildPhase;
			buildActionMask = 2147483647;
			files = (
			);
			runOnlyForDeploymentPostprocessing = 0;
		};
/* End PBXFrameworksBuildPhase section */

/* Begin PBXGroup section */
		83261A5A1F47475800C04A14 = {
			isa = PBXGroup;
			children = (
				83261A651F47475800C04A14 /* Facebook Feed */,
				83261A7A1F47475900C04A14 /* Facebook FeedTests */,
				83261A641F47475800C04A14 /* Products */,
			);
			sourceTree = "<group>";
		};
		83261A641F47475800C04A14 /* Products */ = {
			isa = PBXGroup;
			children = (
				83261A631F47475800C04A14 /* Facebook Feed.app */,
				83261A771F47475900C04A14 /* Facebook FeedTests.xctest */,
			);
			name = Products;
			sourceTree = "<group>";
		};
		83261A651F47475800C04A14 /* Facebook Feed */ = {
			isa = PBXGroup;
			children = (
				83261A661F47475800C04A14 /* AppDelegate.swift */,
				83261A681F47475800C04A14 /* ViewController.swift */,
				83261A6D1F47475800C04A14 /* Assets.xcassets */,
				83261A6F1F47475800C04A14 /* LaunchScreen.storyboard */,
				83261A721F47475800C04A14 /* Info.plist */,
			);
			path = "Facebook Feed";
			sourceTree = "<group>";
		};
		83261A7A1F47475900C04A14 /* Facebook FeedTests */ = {
			isa = PBXGroup;
			children = (
				83261A7B1F47475900C04A14 /* Facebook_FeedTests.swift */,
				83261A7D1F47475900C04A14 /* Info.plist */,
			);
			path = "Facebook FeedTests";
			sourceTree = "<group>";
		};
/* End PBXGroup section */

/* Begin PBXNativeTarget section */
		83261A621F47475800C04A14 /* Facebook Feed */ = {
			isa = PBXNativeTarget;
			buildConfigurationList = 83261A801F47475900C04A14 /* Build configuration list for PBXNativeTarget "Facebook Feed" */;
			buildPhases = (
				83261A5F1F47475800C04A14 /* Sources */,
				83261A601F47475800C04A14 /* Frameworks */,
				83261A611F47475800C04A14 /* Resources */,
			);
			buildRules = (
			);
			dependencies = (
			);
			name = "Facebook Feed";
			productName = "Facebook Feed";
			productReference = 83261A631F47475800C04A14 /* Facebook Feed.app */;
			productType = "com.apple.product-type.application";
		};
		83261A761F47475900C04A14 /* Facebook FeedTests */ = {
			isa = PBXNativeTarget;
			buildConfigurationList = 83261A831F47475900C04A14 /* Build configuration list for PBXNativeTarget "Facebook FeedTests" */;
			buildPhases = (
				83261A731F47475900C04A14 /* Sources */,
				83261A741F47475900C04A14 /* Frameworks */,
				83261A751F47475900C04A14 /* Resources */,
			);
			buildRules = (
			);
			dependencies = (
				83261A791F47475900C04A14 /* PBXTargetDependency */,
			);
			name = "Facebook FeedTests";
			productName = "Facebook FeedTests";
			productReference = 83261A771F47475900C04A14 /* Facebook FeedTests.xctest */;
			productType = "com.apple.product-type.bundle.unit-test";
		};
/* End PBXNativeTarget section */

/* Begin PBXProject section */
		83261A5B1F47475800C04A14 /* Project object */ = {
			isa = PBXProject;
			attributes = {
				LastSwiftUpdateCheck = 0830;
				LastUpgradeCheck = 0830;
				ORGANIZATIONNAME = "Ram Yadav";
				TargetAttributes = {
					83261A621F47475800C04A14 = {
						CreatedOnToolsVersion = 8.3.3;
						ProvisioningStyle = Automatic;
					};
					83261A761F47475900C04A14 = {
						CreatedOnToolsVersion = 8.3.3;
						ProvisioningStyle = Automatic;
						TestTargetID = 83261A621F47475800C04A14;
					};
				};
			};
			buildConfigurationList = 83261A5E1F47475800C04A14 /* Build configuration list for PBXProject "Facebook Feed" */;
			compatibilityVersion = "Xcode 3.2";
			developmentRegion = English;
			hasScannedForEncodings = 0;
			knownRegions = (
				en,
				Base,
			);
			mainGroup = 83261A5A1F47475800C04A14;
			productRefGroup = 83261A641F47475800C04A14 /* Products */;
			projectDirPath = "";
			projectRoot = "";
			targets = (
				83261A621F47475800C04A14 /* Facebook Feed */,
				83261A761F47475900C04A14 /* Facebook FeedTests */,
			);
		};
/* End PBXProject section */

/* Begin PBXResourcesBuildPhase section */
		83261A611F47475800C04A14 /* Resources */ = {
			isa = PBXResourcesBuildPhase;
			buildActionMask = 2147483647;
			files = (
				83261A711F47475800C04A14 /* LaunchScreen.storyboard in Resources */,
				83261A6E1F47475800C04A14 /* Assets.xcassets in Resources */,
			);
			runOnlyForDeploymentPostprocessing = 0;
		};
		83261A751F47475900C04A14 /* Resources */ = {
			isa = PBXResourcesBuildPhase;
			buildActionMask = 2147483647;
			files = (
			);
			runOnlyForDeploymentPostprocessing = 0;
		};
/* End PBXResourcesBuildPhase section */

/* Begin PBXSourcesBuildPhase section */
		83261A5F1F47475800C04A14 /* Sources */ = {
			isa = PBXSourcesBuildPhase;
			buildActionMask = 2147483647;
			files = (
				83261A691F47475800C04A14 /* ViewController.swift in Sources */,
				83261A671F47475800C04A14 /* AppDelegate.swift in Sources */,
			);
			runOnlyForDeploymentPostprocessing = 0;
		};
		83261A731F47475900C04A14 /* Sources */ = {
			isa = PBXSourcesBuildPhase;
			buildActionMask = 2147483647;
			files = (
				83261A7C1F47475900C04A14 /* Facebook_FeedTests.swift in Sources */,
			);
			runOnlyForDeploymentPostprocessing = 0;
		};
/* End PBXSourcesBuildPhase section */

/* Begin PBXTargetDependency section */
		83261A791F47475900C04A14 /* PBXTargetDependency */ = {
			isa = PBXTargetDependency;
			target = 83261A621F47475800C04A14 /* Facebook Feed */;
			targetProxy = 83261A781F47475900C04A14 /* PBXContainerItemProxy */;
		};
/* End PBXTargetDependency section */

/* Begin PBXVariantGroup section */
		83261A6F1F47475800C04A14 /* LaunchScreen.storyboard */ = {
			isa = PBXVariantGroup;
			children = (
				83261A701F47475800C04A14 /* Base */,
			);
			name = LaunchScreen.storyboard;
			sourceTree = "<group>";
		};
/* End PBXVariantGroup section */

/* Begin XCBuildConfiguration section */
		83261A7E1F47475900C04A14 /* Debug */ = {
			isa = XCBuildConfiguration;
			buildSettings = {
				ALWAYS_SEARCH_USER_PATHS = NO;
				CLANG_ANALYZER_NONNULL = YES;
				CLANG_ANALYZER_NUMBER_OBJECT_CONVERSION = YES_AGGRESSIVE;
				CLANG_CXX_LANGUAGE_STANDARD = "gnu++0x";
				CLANG_CXX_LIBRARY = "libc++";
				CLANG_ENABLE_MODULES = YES;
				CLANG_ENABLE_OBJC_ARC = YES;
				CLANG_WARN_BOOL_CONVERSION = YES;
				CLANG_WARN_CONSTANT_CONVERSION = YES;
				CLANG_WARN_DIRECT_OBJC_ISA_USAGE = YES_ERROR;
				CLANG_WARN_DOCUMENTATION_COMMENTS = YES;
				CLANG_WARN_EMPTY_BODY = YES;
				CLANG_WARN_ENUM_CONVERSION = YES;
				CLANG_WARN_INFINITE_RECURSION = YES;
				CLANG_WARN_INT_CONVERSION = YES;
				CLANG_WARN_OBJC_ROOT_CLASS = YES_ERROR;
				CLANG_WARN_SUSPICIOUS_MOVE = YES;
				CLANG_WARN_UNREACHABLE_CODE = YES;
				CLANG_WARN__DUPLICATE_METHOD_MATCH = YES;
				"CODE_SIGN_IDENTITY[sdk=iphoneos*]" = "iPhone Developer";
				COPY_PHASE_STRIP = NO;
				DEBUG_INFORMATION_FORMAT = dwarf;
				ENABLE_STRICT_OBJC_MSGSEND = YES;
				ENABLE_TESTABILITY = YES;
				GCC_C_LANGUAGE_STANDARD = gnu99;
				GCC_DYNAMIC_NO_PIC = NO;
				GCC_NO_COMMON_BLOCKS = YES;
				GCC_OPTIMIZATION_LEVEL = 0;
				GCC_PREPROCESSOR_DEFINITIONS = (
					"DEBUG=1",
					"$(inherited)",
				);
				GCC_WARN_64_TO_32_BIT_CONVERSION = YES;
				GCC_WARN_ABOUT_RETURN_TYPE = YES_ERROR;
				GCC_WARN_UNDECLARED_SELECTOR = YES;
				GCC_WARN_UNINITIALIZED_AUTOS = YES_AGGRESSIVE;
				GCC_WARN_UNUSED_FUNCTION = YES;
				GCC_WARN_UNUSED_VARIABLE = YES;
				IPHONEOS_DEPLOYMENT_TARGET = 10.3;
				MTL_ENABLE_DEBUG_INFO = YES;
				ONLY_ACTIVE_ARCH = YES;
				SDKROOT = iphoneos;
				SWIFT_ACTIVE_COMPILATION_CONDITIONS = DEBUG;
				SWIFT_OPTIMIZATION_LEVEL = "-Onone";
			};
			name = Debug;
		};
		83261A7F1F47475900C04A14 /* Release */ = {
			isa = XCBuildConfiguration;
			buildSettings = {
				ALWAYS_SEARCH_USER_PATHS = NO;
				CLANG_ANALYZER_NONNULL = YES;
				CLANG_ANALYZER_NUMBER_OBJECT_CONVERSION = YES_AGGRESSIVE;
				CLANG_CXX_LANGUAGE_STANDARD = "gnu++0x";
				CLANG_CXX_LIBRARY = "libc++";
				CLANG_ENABLE_MODULES = YES;
				CLANG_ENABLE_OBJC_ARC = YES;
				CLANG_WARN_BOOL_CONVERSION = YES;
				CLANG_WARN_CONSTANT_CONVERSION = YES;
				CLANG_WARN_DIRECT_OBJC_ISA_USAGE = YES_ERROR;
				CLANG_WARN_DOCUMENTATION_COMMENTS = YES;
				CLANG_WARN_EMPTY_BODY = YES;
				CLANG_WARN_ENUM_CONVERSION = YES;
				CLANG_WARN_INFINITE_RECURSION = YES;
				CLANG_WARN_INT_CONVERSION = YES;
				CLANG_WARN_OBJC_ROOT_CLASS = YES_ERROR;
				CLANG_WARN_SUSPICIOUS_MOVE = YES;
				CLANG_WARN_UNREACHABLE_CODE = YES;
				CLANG_WARN__DUPLICATE_METHOD_MATCH = YES;
				"CODE_SIGN_IDENTITY[sdk=iphoneos*]" = "iPhone Developer";
				COPY_PHASE_STRIP = NO;
				DEBUG_INFORMATION_FORMAT = "dwarf-with-dsym";
				ENABLE_NS_ASSERTIONS = NO;
				ENABLE_STRICT_OBJC_MSGSEND = YES;
				GCC_C_LANGUAGE_STANDARD = gnu99;
				GCC_NO_COMMON_BLOCKS = YES;
				GCC_WARN_64_TO_32_BIT_CONVERSION = YES;
				GCC_WARN_ABOUT_RETURN_TYPE = YES_ERROR;
				GCC_WARN_UNDECLARED_SELECTOR = YES;
				GCC_WARN_UNINITIALIZED_AUTOS = YES_AGGRESSIVE;
				GCC_WARN_UNUSED_FUNCTION = YES;
				GCC_WARN_UNUSED_VARIABLE = YES;
				IPHONEOS_DEPLOYMENT_TARGET = 10.3;
				MTL_ENABLE_DEBUG_INFO = NO;
				SDKROOT = iphoneos;
				SWIFT_OPTIMIZATION_LEVEL = "-Owholemodule";
				VALIDATE_PRODUCT = YES;
			};
			name = Release;
		};
		83261A811F47475900C04A14 /* Debug */ = {
			isa = XCBuildConfiguration;
			buildSettings = {
				ASSETCATALOG_COMPILER_APPICON_NAME = AppIcon;
				INFOPLIST_FILE = "Facebook Feed/Info.plist";
				LD_RUNPATH_SEARCH_PATHS = "$(inherited) @executable_path/Frameworks";
				PRODUCT_BUNDLE_IDENTIFIER = "ramInc.Facebook-Feed";
				PRODUCT_NAME = "$(TARGET_NAME)";
				SWIFT_VERSION = 3.0;
			};
			name = Debug;
		};
		83261A821F47475900C04A14 /* Release */ = {
			isa = XCBuildConfiguration;
			buildSettings = {
				ASSETCATALOG_COMPILER_APPICON_NAME = AppIcon;
				INFOPLIST_FILE = "Facebook Feed/Info.plist";
				LD_RUNPATH_SEARCH_PATHS = "$(inherited) @executable_path/Frameworks";
				PRODUCT_BUNDLE_IDENTIFIER = "ramInc.Facebook-Feed";
				PRODUCT_NAME = "$(TARGET_NAME)";
				SWIFT_VERSION = 3.0;
			};
			name = Release;
		};
		83261A841F47475900C04A14 /* Debug */ = {
			isa = XCBuildConfiguration;
			buildSettings = {
				ALWAYS_EMBED_SWIFT_STANDARD_LIBRARIES = YES;
				BUNDLE_LOADER = "$(TEST_HOST)";
				INFOPLIST_FILE = "Facebook FeedTests/Info.plist";
				LD_RUNPATH_SEARCH_PATHS = "$(inherited) @executable_path/Frameworks @loader_path/Frameworks";
				PRODUCT_BUNDLE_IDENTIFIER = "ramInc.Facebook-FeedTests";
				PRODUCT_NAME = "$(TARGET_NAME)";
				SWIFT_VERSION = 3.0;
				TEST_HOST = "$(BUILT_PRODUCTS_DIR)/Facebook Feed.app/Facebook Feed";
			};
			name = Debug;
		};
		83261A851F47475900C04A14 /* Release */ = {
			isa = XCBuildConfiguration;
			buildSettings = {
				ALWAYS_EMBED_SWIFT_STANDARD_LIBRARIES = YES;
				BUNDLE_LOADER = "$(TEST_HOST)";
				INFOPLIST_FILE = "Facebook FeedTests/Info.plist";
				LD_RUNPATH_SEARCH_PATHS = "$(inherited) @executable_path/Frameworks @loader_path/Frameworks";
				PRODUCT_BUNDLE_IDENTIFIER = "ramInc.Facebook-FeedTests";
				PRODUCT_NAME = "$(TARGET_NAME)";
				SWIFT_VERSION = 3.0;
				TEST_HOST = "$(BUILT_PRODUCTS_DIR)/Facebook Feed.app/Facebook Feed";
			};
			name = Release;
		};
/* End XCBuildConfiguration section */

/* Begin XCConfigurationList section */
		83261A5E1F47475800C04A14 /* Build configuration list for PBXProject "Facebook Feed" */ = {
			isa = XCConfigurationList;
			buildConfigurations = (
				83261A7E1F47475900C04A14 /* Debug */,
				83261A7F1F47475900C04A14 /* Release */,
			);
			defaultConfigurationIsVisible = 0;
			defaultConfigurationName = Release;
		};
		83261A801F47475900C04A14 /* Build configuration list for PBXNativeTarget "Facebook Feed" */ = {
			isa = XCConfigurationList;
			buildConfigurations = (
				83261A811F47475900C04A14 /* Debug */,
				83261A821F47475900C04A14 /* Release */,
			);
			defaultConfigurationIsVisible = 0;
		};
		83261A831F47475900C04A14 /* Build configuration list for PBXNativeTarget "Facebook FeedTests" */ = {
			isa = XCConfigurationList;
			buildConfigurations = (
				83261A841F47475900C04A14 /* Debug */,
				83261A851F47475900C04A14 /* Release */,
			);
			defaultConfigurationIsVisible = 0;
		};
/* End XCConfigurationList section */
	};
	rootObject = 83261A5B1F47475800C04A14 /* Project object */;
}
